
Microsoft Visual Studio Solution File, Format Version 12.00
# Visual Studio Version 16
VisualStudioVersion = 16.0.30128.74
MinimumVisualStudioVersion = 10.0.40219.1
Project("{9A19103F-16F7-4668-BE54-9A1E7A4F7556}") = "Mathmanbeta", "Mathmanbeta.csproj", "{8AD307FA-0E1F-47CE-9DF6-7BE090CD637D}"
EndProject
Project("{FAE04EC0-301F-11D3-BF4B-00C04F79EFBC}") = "Mathmanbeta.Tests", "..\Mathmanbeta.Tests\Mathmanbeta.Tests.csproj", "{00A02FC5-156F-428D-9A64-AF85F474F052}"
EndProject
Global
	GlobalSection(SolutionConfigurationPlatforms) = preSolution
		Debug|Any CPU = Debug|Any CPU
		Release|Any CPU = Release|Any CPU
	EndGlobalSection
	GlobalSection(ProjectConfigurationPlatforms) = postSolution
		{8AD307FA-0E1F-47CE-9DF6-7BE090CD637D}.Debug|Any CPU.ActiveCfg = Debug|Any CPU
		{8AD307FA-0E1F-47CE-9DF6-7BE090CD637D}.Debug|Any CPU.Build.0 = Debug|Any CPU
		{8AD307FA-0E1F-47CE-9DF6-7BE090CD637D}.Release|Any CPU.ActiveCfg = Release|Any CPU
		{8AD307FA-0E1F-47CE-9DF6-7BE090CD637D}.Release|Any CPU.Build.0 = Release|Any CPU
		{00A02FC5-156F-428D-9A64-AF85F474F052}.Debug|Any CPU.ActiveCfg = Debug|Any CPU
		{00A02FC5-156F-428D-9A64-AF85F474F052}.Debug|Any CPU.Build.0 = Debug|Any CPU
		{00A02FC5-156F-428D-9A64-AF85F474F052}.Release|Any CPU.ActiveCfg = Release|Any CPU
		{00A02FC5-156F-428D-9A64-AF85F474F052}.Release|Any CPU.Build.0 = Release|Any CPU
	EndGlobalSection
	GlobalSection(SolutionProperties) = preSolution
		HideSolutionNode = FALSE
	EndGlobalSection
	GlobalSection(ExtensibilityGlobals) = postSolution
		SolutionGuid = {B5FE6DBD-14B0-4E11-9676-C3A2288E71E6}
	EndGlobalSection
EndGlobal
